Microsoft Visual Studio Solution File, Format Version 11.00
# Visual Studio 2008

Project("{9ED29D6B-C969-B389-E466-D30F57081778}") = "ReadWebServices", "Assembly-UnityScript-firstpass.unityproj", "{0F8A6142-E34F-4C78-D1A2-5A2A1D8D2053}"
EndProject
Project("{9ED29D6B-C969-B389-E466-D30F57081778}") = "ReadWebServices", "Assembly-UnityScript.unityproj", "{A2BC3947-1467-F86D-6312-C026C6D19E83}"
EndProject
Global
	GlobalSection(SolutionConfigurationPlatforms) = preSolution
		Debug|Any CPU = Debug|Any CPU
		Release|Any CPU = Release|Any CPU
	EndGlobalSection
	GlobalSection(ProjectConfigurationPlatforms) = postSolution
		{0F8A6142-E34F-4C78-D1A2-5A2A1D8D2053}.Debug|Any CPU.ActiveCfg = Debug|Any CPU
		{0F8A6142-E34F-4C78-D1A2-5A2A1D8D2053}.Debug|Any CPU.Build.0 = Debug|Any CPU
		{0F8A6142-E34F-4C78-D1A2-5A2A1D8D2053}.Release|Any CPU.ActiveCfg = Release|Any CPU
		{0F8A6142-E34F-4C78-D1A2-5A2A1D8D2053}.Release|Any CPU.Build.0 = Release|Any CPU
		{A2BC3947-1467-F86D-6312-C026C6D19E83}.Debug|Any CPU.ActiveCfg = Debug|Any CPU
		{A2BC3947-1467-F86D-6312-C026C6D19E83}.Debug|Any CPU.Build.0 = Debug|Any CPU
		{A2BC3947-1467-F86D-6312-C026C6D19E83}.Release|Any CPU.ActiveCfg = Release|Any CPU
		{A2BC3947-1467-F86D-6312-C026C6D19E83}.Release|Any CPU.Build.0 = Release|Any CPU
	EndGlobalSection
	GlobalSection(SolutionProperties) = preSolution
		HideSolutionNode = FALSE
	EndGlobalSection
																																			GlobalSection(MonoDevelopProperties) = preSolution
		StartupItem = Assembly-CSharp.csproj
		Policies = $0
		$0.TextStylePolicy = $1
		$1.inheritsSet = null
		$1.scope = text/x-csharp
		$0.CSharpFormattingPolicy = $2
		$2.inheritsSet = Mono
		$2.inheritsScope = text/x-csharp
		$2.scope = text/x-csharp
		$0.TextStylePolicy = $3
		$3.FileWidth = 120
		$3.TabWidth = 4
		$3.EolMarker = Unix
		$3.inheritsSet = Mono
		$3.inheritsScope = text/plain
		$3.scope = text/plain
	EndGlobalSection

EndGlobal
